
Microsoft Visual Studio Solution File, Format Version 12.00
# Visual Studio Version 16
VisualStudioVersion = 16.0.30011.22
MinimumVisualStudioVersion = 10.0.40219.1
Project("{FAE04EC0-301F-11D3-BF4B-00C04F79EFBC}") = "Bai9", "Bai9\Bai9.csproj", "{DD827F26-5CC6-48AB-9D75-13EAD147C3BD}"
EndProject
Global
	GlobalSection(SolutionConfigurationPlatforms) = preSolution
		Debug|Any CPU = Debug|Any CPU
		Release|Any CPU = Release|Any CPU
	EndGlobalSection
	GlobalSection(ProjectConfigurationPlatforms) = postSolution
		{DD827F26-5CC6-48AB-9D75-13EAD147C3BD}.Debug|Any CPU.ActiveCfg = Debug|Any CPU
		{DD827F26-5CC6-48AB-9D75-13EAD147C3BD}.Debug|Any CPU.Build.0 = Debug|Any CPU
		{DD827F26-5CC6-48AB-9D75-13EAD147C3BD}.Release|Any CPU.ActiveCfg = Release|Any CPU
		{DD827F26-5CC6-48AB-9D75-13EAD147C3BD}.Release|Any CPU.Build.0 = Release|Any CPU
	EndGlobalSection
	GlobalSection(SolutionProperties) = preSolution
		HideSolutionNode = FALSE
	EndGlobalSection
	GlobalSection(ExtensibilityGlobals) = postSolution
		SolutionGuid = {056CDDE8-1568-4C4C-97E8-EE860241DB1F}
	EndGlobalSection
EndGlobal
