
Microsoft Visual Studio Solution File, Format Version 12.00
# Visual Studio Version 16
VisualStudioVersion = 16.0.30011.22
MinimumVisualStudioVersion = 10.0.40219.1
Project("{FAE04EC0-301F-11D3-BF4B-00C04F79EFBC}") = "Bai4", "Bai4\Bai4.csproj", "{0B8A49AC-F2BD-4F52-82B4-D74F562D083A}"
EndProject
Global
	GlobalSection(SolutionConfigurationPlatforms) = preSolution
		Debug|Any CPU = Debug|Any CPU
		Release|Any CPU = Release|Any CPU
	EndGlobalSection
	GlobalSection(ProjectConfigurationPlatforms) = postSolution
		{0B8A49AC-F2BD-4F52-82B4-D74F562D083A}.Debug|Any CPU.ActiveCfg = Debug|Any CPU
		{0B8A49AC-F2BD-4F52-82B4-D74F562D083A}.Debug|Any CPU.Build.0 = Debug|Any CPU
		{0B8A49AC-F2BD-4F52-82B4-D74F562D083A}.Release|Any CPU.ActiveCfg = Release|Any CPU
		{0B8A49AC-F2BD-4F52-82B4-D74F562D083A}.Release|Any CPU.Build.0 = Release|Any CPU
	EndGlobalSection
	GlobalSection(SolutionProperties) = preSolution
		HideSolutionNode = FALSE
	EndGlobalSection
	GlobalSection(ExtensibilityGlobals) = postSolution
		SolutionGuid = {D8CD1E0F-961A-43F8-B8CF-FF24CC894A40}
	EndGlobalSection
EndGlobal
